
Microsoft Visual Studio Solution File, Format Version 12.00
# Visual Studio Version 16
VisualStudioVersion = 16.0.32106.194
MinimumVisualStudioVersion = 10.0.40219.1
Project("{FAE04EC0-301F-11D3-BF4B-00C04F79EFBC}") = "GitCalculator", "GitCalculator.csproj", "{3AE66FF4-1222-465B-AC48-F75B1FCC5DC6}"
EndProject
Global
	GlobalSection(SolutionConfigurationPlatforms) = preSolution
		Debug|Any CPU = Debug|Any CPU
		Release|Any CPU = Release|Any CPU
	EndGlobalSection
	GlobalSection(ProjectConfigurationPlatforms) = postSolution
		{3AE66FF4-1222-465B-AC48-F75B1FCC5DC6}.Debug|Any CPU.ActiveCfg = Debug|Any CPU
		{3AE66FF4-1222-465B-AC48-F75B1FCC5DC6}.Debug|Any CPU.Build.0 = Debug|Any CPU
		{3AE66FF4-1222-465B-AC48-F75B1FCC5DC6}.Release|Any CPU.ActiveCfg = Release|Any CPU
		{3AE66FF4-1222-465B-AC48-F75B1FCC5DC6}.Release|Any CPU.Build.0 = Release|Any CPU
	EndGlobalSection
	GlobalSection(SolutionProperties) = preSolution
		HideSolutionNode = FALSE
	EndGlobalSection
	GlobalSection(ExtensibilityGlobals) = postSolution
		SolutionGuid = {A73E2D7C-9CF0-4193-91FD-0136C14C9FB4}
	EndGlobalSection
EndGlobal
